{
  "name": "AAL-Photography-Materialize-CSS",
  "lockfileVersion": 2,
  "requires": true,
  "packages": {
    "": {
      "dependencies": {
        "jquerry": "^0.0.1-security",
        "materialize-css": "^1.0.0-rc.2"
      }
    },
    "node_modules/jquerry": {
      "version": "0.0.1-security",
      "resolved": "https://registry.npmjs.org/jquerry/-/jquerry-0.0.1-security.tgz",
      "integrity": "sha512-6/x0OFGLte1tqTnInZ0foNjR/hCsNnfkNg7T1vxiCKSLObPbSF4EoswifsUdHiXBvQ/F60uILQGlfvjT0x3NSg=="
    },
    "node_modules/materialize-css": {
      "version": "1.0.0-rc.2",
      "resolved": "https://registry.npmjs.org/materialize-css/-/materialize-css-1.0.0-rc.2.tgz",
      "integrity": "sha512-FuQmSyq4Qv0ov7A2qXw0E6/jbQzSWx2P1pg2/XQDYTkkSc/GyiFAxu3fw9zgShwuTvyumEiw5jkxQWT9siqMBQ=="
    }
  },
  "dependencies": {
    "jquerry": {
      "version": "0.0.1-security",
      "resolved": "https://registry.npmjs.org/jquerry/-/jquerry-0.0.1-security.tgz",
      "integrity": "sha512-6/x0OFGLte1tqTnInZ0foNjR/hCsNnfkNg7T1vxiCKSLObPbSF4EoswifsUdHiXBvQ/F60uILQGlfvjT0x3NSg=="
    },
    "materialize-css": {
      "version": "1.0.0-rc.2",
      "resolved": "https://registry.npmjs.org/materialize-css/-/materialize-css-1.0.0-rc.2.tgz",
      "integrity": "sha512-FuQmSyq4Qv0ov7A2qXw0E6/jbQzSWx2P1pg2/XQDYTkkSc/GyiFAxu3fw9zgShwuTvyumEiw5jkxQWT9siqMBQ=="
    }
  }
}
